
Microsoft Visual Studio Solution File, Format Version 12.00
# Visual Studio Version 16
VisualStudioVersion = 16.0.31205.134
MinimumVisualStudioVersion = 10.0.40219.1
Project("{FAE04EC0-301F-11D3-BF4B-00C04F79EFBC}") = "DockerDemo", "DockerDemo\DockerDemo.csproj", "{615069E0-859E-46B7-B20A-F771A910493E}"
EndProject
Global
	GlobalSection(SolutionConfigurationPlatforms) = preSolution
		Debug|Any CPU = Debug|Any CPU
		Release|Any CPU = Release|Any CPU
	EndGlobalSection
	GlobalSection(ProjectConfigurationPlatforms) = postSolution
		{615069E0-859E-46B7-B20A-F771A910493E}.Debug|Any CPU.ActiveCfg = Debug|Any CPU
		{615069E0-859E-46B7-B20A-F771A910493E}.Debug|Any CPU.Build.0 = Debug|Any CPU
		{615069E0-859E-46B7-B20A-F771A910493E}.Release|Any CPU.ActiveCfg = Release|Any CPU
		{615069E0-859E-46B7-B20A-F771A910493E}.Release|Any CPU.Build.0 = Release|Any CPU
	EndGlobalSection
	GlobalSection(SolutionProperties) = preSolution
		HideSolutionNode = FALSE
	EndGlobalSection
	GlobalSection(ExtensibilityGlobals) = postSolution
		SolutionGuid = {D44FA273-0A51-4ACC-A5A2-FFEA7EF6C3AA}
	EndGlobalSection
EndGlobal
